
Microsoft Visual Studio Solution File, Format Version 12.00
Project("{FAE04EC0-301F-11D3-BF4B-00C04F79EFBC}") = "AbstractFactory", "AbstractFactory\AbstractFactory.csproj", "{E5CC533C-AC48-43A9-BAC3-E405D57BC3EF}"
EndProject
Global
	GlobalSection(SolutionConfigurationPlatforms) = preSolution
		Debug|Any CPU = Debug|Any CPU
		Release|Any CPU = Release|Any CPU
	EndGlobalSection
	GlobalSection(ProjectConfigurationPlatforms) = postSolution
		{E5CC533C-AC48-43A9-BAC3-E405D57BC3EF}.Debug|Any CPU.ActiveCfg = Debug|Any CPU
		{E5CC533C-AC48-43A9-BAC3-E405D57BC3EF}.Debug|Any CPU.Build.0 = Debug|Any CPU
		{E5CC533C-AC48-43A9-BAC3-E405D57BC3EF}.Release|Any CPU.ActiveCfg = Release|Any CPU
		{E5CC533C-AC48-43A9-BAC3-E405D57BC3EF}.Release|Any CPU.Build.0 = Release|Any CPU
	EndGlobalSection
EndGlobal
